
Microsoft Visual Studio Solution File, Format Version 12.00
# Visual Studio 2012
Project("{8BC9CEB8-8B4A-11D0-8D11-00A0C91BC942}") = "Win32Project", "Win32Project\Win32Project.vcxproj", "{D643A4A7-961B-4BB1-8D58-C4711BAD9250}"
EndProject
Global
	GlobalSection(SolutionConfigurationPlatforms) = preSolution
		Debug|Win32 = Debug|Win32
		Release|Win32 = Release|Win32
	EndGlobalSection
	GlobalSection(ProjectConfigurationPlatforms) = postSolution
		{D643A4A7-961B-4BB1-8D58-C4711BAD9250}.Debug|Win32.ActiveCfg = Debug|Win32
		{D643A4A7-961B-4BB1-8D58-C4711BAD9250}.Debug|Win32.Build.0 = Debug|Win32
		{D643A4A7-961B-4BB1-8D58-C4711BAD9250}.Release|Win32.ActiveCfg = Release|Win32
		{D643A4A7-961B-4BB1-8D58-C4711BAD9250}.Release|Win32.Build.0 = Release|Win32
	EndGlobalSection
	GlobalSection(SolutionProperties) = preSolution
		HideSolutionNode = FALSE
	EndGlobalSection
EndGlobal
